// !$*UTF8*$!
{
	archiveVersion = 1;
	classes = {
	};
	objectVersion = 55;
	objects = {

/* Begin PBXBuildFile section */
		0641CF8D29E618960030CAAC /* SearchStatusViewModel.swift in Sources */ = {isa = PBXBuildFile; fileRef = 0641CF8C29E618960030CAAC /* SearchStatusViewModel.swift */; };
		0641CF8F29E62E260030CAAC /* FlightStatusDataModel.swift in Sources */ = {isa = PBXBuildFile; fileRef = 0641CF8E29E62E260030CAAC /* FlightStatusDataModel.swift */; };
		0641CF9129E642EE0030CAAC /* APIManager.swift in Sources */ = {isa = PBXBuildFile; fileRef = 0641CF9029E642EE0030CAAC /* APIManager.swift */; };
		0641CF9329E644C00030CAAC /* Global.swift in Sources */ = {isa = PBXBuildFile; fileRef = 0641CF9229E644C00030CAAC /* Global.swift */; };
		0641CF9529E7022C0030CAAC /* FlightStatusesTableView.swift in Sources */ = {isa = PBXBuildFile; fileRef = 0641CF9429E7022C0030CAAC /* FlightStatusesTableView.swift */; };
		0641CF9729E702420030CAAC /* FlightStatusCell.swift in Sources */ = {isa = PBXBuildFile; fileRef = 0641CF9629E702420030CAAC /* FlightStatusCell.swift */; };
		0641CF9929E7025D0030CAAC /* FlightStatusesTableViewModel.swift in Sources */ = {isa = PBXBuildFile; fileRef = 0641CF9829E7025D0030CAAC /* FlightStatusesTableViewModel.swift */; };
		0641CF9B29E702710030CAAC /* FlightStatusCellModel.swift in Sources */ = {isa = PBXBuildFile; fileRef = 0641CF9A29E702710030CAAC /* FlightStatusCellModel.swift */; };
		0641CF9D29E84D720030CAAC /* LoadingStatusesCell.swift in Sources */ = {isa = PBXBuildFile; fileRef = 0641CF9C29E84D720030CAAC /* LoadingStatusesCell.swift */; };
		0641CFA029E882E20030CAAC /* ScheduledFlight+CoreDataClass.swift in Sources */ = {isa = PBXBuildFile; fileRef = 0641CF9E29E882E20030CAAC /* ScheduledFlight+CoreDataClass.swift */; };
		0641CFA129E882E20030CAAC /* ScheduledFlight+CoreDataProperties.swift in Sources */ = {isa = PBXBuildFile; fileRef = 0641CF9F29E882E20030CAAC /* ScheduledFlight+CoreDataProperties.swift */; };
		0641CFA329E88B600030CAAC /* ScheduledFlightsView.swift in Sources */ = {isa = PBXBuildFile; fileRef = 0641CFA229E88B600030CAAC /* ScheduledFlightsView.swift */; };
		0641CFA529E88B7F0030CAAC /* ScheduledFlightCell.swift in Sources */ = {isa = PBXBuildFile; fileRef = 0641CFA429E88B7F0030CAAC /* ScheduledFlightCell.swift */; };
		0641CFA729E88B980030CAAC /* ScheduledFlightsTableViewModel.swift in Sources */ = {isa = PBXBuildFile; fileRef = 0641CFA629E88B980030CAAC /* ScheduledFlightsTableViewModel.swift */; };
		0641CFA929E88BD40030CAAC /* ScheduledFlightCellModel.swift in Sources */ = {isa = PBXBuildFile; fileRef = 0641CFA829E88BD40030CAAC /* ScheduledFlightCellModel.swift */; };
		06C8A22829E5E6B4008170F2 /* AppDelegate.swift in Sources */ = {isa = PBXBuildFile; fileRef = 06C8A22729E5E6B4008170F2 /* AppDelegate.swift */; };
		06C8A22A29E5E6B4008170F2 /* SceneDelegate.swift in Sources */ = {isa = PBXBuildFile; fileRef = 06C8A22929E5E6B4008170F2 /* SceneDelegate.swift */; };
		06C8A22C29E5E6B4008170F2 /* ViewController.swift in Sources */ = {isa = PBXBuildFile; fileRef = 06C8A22B29E5E6B4008170F2 /* ViewController.swift */; };
		06C8A22F29E5E6B4008170F2 /* Main.storyboard in Resources */ = {isa = PBXBuildFile; fileRef = 06C8A22D29E5E6B4008170F2 /* Main.storyboard */; };
		06C8A23229E5E6B4008170F2 /* Rapid_Flight_Status_Check.xcdatamodeld in Sources */ = {isa = PBXBuildFile; fileRef = 06C8A23029E5E6B4008170F2 /* Rapid_Flight_Status_Check.xcdatamodeld */; };
		06C8A23429E5E6C6008170F2 /* Assets.xcassets in Resources */ = {isa = PBXBuildFile; fileRef = 06C8A23329E5E6C6008170F2 /* Assets.xcassets */; };
		06C8A23729E5E6C6008170F2 /* LaunchScreen.storyboard in Resources */ = {isa = PBXBuildFile; fileRef = 06C8A23529E5E6C6008170F2 /* LaunchScreen.storyboard */; };
		06C8A24229E5E6C7008170F2 /* Rapid_Flight_Status_CheckTests.swift in Sources */ = {isa = PBXBuildFile; fileRef = 06C8A24129E5E6C7008170F2 /* Rapid_Flight_Status_CheckTests.swift */; };
		06C8A24C29E5E6C7008170F2 /* Rapid_Flight_Status_CheckUITests.swift in Sources */ = {isa = PBXBuildFile; fileRef = 06C8A24B29E5E6C7008170F2 /* Rapid_Flight_Status_CheckUITests.swift */; };
		06C8A24E29E5E6C7008170F2 /* Rapid_Flight_Status_CheckUITestsLaunchTests.swift in Sources */ = {isa = PBXBuildFile; fileRef = 06C8A24D29E5E6C7008170F2 /* Rapid_Flight_Status_CheckUITestsLaunchTests.swift */; };
/* End PBXBuildFile section */

/* Begin PBXContainerItemProxy section */
		06C8A23E29E5E6C7008170F2 /* PBXContainerItemProxy */ = {
			isa = PBXContainerItemProxy;
			containerPortal = 06C8A21C29E5E6B4008170F2 /* Project object */;
			proxyType = 1;
			remoteGlobalIDString = 06C8A22329E5E6B4008170F2;
			remoteInfo = "Rapid Flight Status Check";
		};
		06C8A24829E5E6C7008170F2 /* PBXContainerItemProxy */ = {
			isa = PBXContainerItemProxy;
			containerPortal = 06C8A21C29E5E6B4008170F2 /* Project object */;
			proxyType = 1;
			remoteGlobalIDString = 06C8A22329E5E6B4008170F2;
			remoteInfo = "Rapid Flight Status Check";
		};
/* End PBXContainerItemProxy section */

/* Begin PBXFileReference section */
		0641CF8C29E618960030CAAC /* SearchStatusViewModel.swift */ = {isa = PBXFileReference; lastKnownFileType = sourcecode.swift; path = SearchStatusViewModel.swift; sourceTree = "<group>"; };
		0641CF8E29E62E260030CAAC /* FlightStatusDataModel.swift */ = {isa = PBXFileReference; lastKnownFileType = sourcecode.swift; path = FlightStatusDataModel.swift; sourceTree = "<group>"; };
		0641CF9029E642EE0030CAAC /* APIManager.swift */ = {isa = PBXFileReference; lastKnownFileType = sourcecode.swift; path = APIManager.swift; sourceTree = "<group>"; };
		0641CF9229E644C00030CAAC /* Global.swift */ = {isa = PBXFileReference; lastKnownFileType = sourcecode.swift; path = Global.swift; sourceTree = "<group>"; };
		0641CF9429E7022C0030CAAC /* FlightStatusesTableView.swift */ = {isa = PBXFileReference; lastKnownFileType = sourcecode.swift; path = FlightStatusesTableView.swift; sourceTree = "<group>"; };
		0641CF9629E702420030CAAC /* FlightStatusCell.swift */ = {isa = PBXFileReference; lastKnownFileType = sourcecode.swift; path = FlightStatusCell.swift; sourceTree = "<group>"; };
		0641CF9829E7025D0030CAAC /* FlightStatusesTableViewModel.swift */ = {isa = PBXFileReference; lastKnownFileType = sourcecode.swift; path = FlightStatusesTableViewModel.swift; sourceTree = "<group>"; };
		0641CF9A29E702710030CAAC /* FlightStatusCellModel.swift */ = {isa = PBXFileReference; lastKnownFileType = sourcecode.swift; path = FlightStatusCellModel.swift; sourceTree = "<group>"; };
		0641CF9C29E84D720030CAAC /* LoadingStatusesCell.swift */ = {isa = PBXFileReference; lastKnownFileType = sourcecode.swift; path = LoadingStatusesCell.swift; sourceTree = "<group>"; };
		0641CF9E29E882E20030CAAC /* ScheduledFlight+CoreDataClass.swift */ = {isa = PBXFileReference; lastKnownFileType = sourcecode.swift; path = "ScheduledFlight+CoreDataClass.swift"; sourceTree = "<group>"; };
		0641CF9F29E882E20030CAAC /* ScheduledFlight+CoreDataProperties.swift */ = {isa = PBXFileReference; lastKnownFileType = sourcecode.swift; path = "ScheduledFlight+CoreDataProperties.swift"; sourceTree = "<group>"; };
		0641CFA229E88B600030CAAC /* ScheduledFlightsView.swift */ = {isa = PBXFileReference; lastKnownFileType = sourcecode.swift; path = ScheduledFlightsView.swift; sourceTree = "<group>"; };
		0641CFA429E88B7F0030CAAC /* ScheduledFlightCell.swift */ = {isa = PBXFileReference; lastKnownFileType = sourcecode.swift; path = ScheduledFlightCell.swift; sourceTree = "<group>"; };
		0641CFA629E88B980030CAAC /* ScheduledFlightsTableViewModel.swift */ = {isa = PBXFileReference; lastKnownFileType = sourcecode.swift; path = ScheduledFlightsTableViewModel.swift; sourceTree = "<group>"; };
		0641CFA829E88BD40030CAAC /* ScheduledFlightCellModel.swift */ = {isa = PBXFileReference; lastKnownFileType = sourcecode.swift; path = ScheduledFlightCellModel.swift; sourceTree = "<group>"; };
		06C8A22429E5E6B4008170F2 /* Rapid Flight Status Check.app */ = {isa = PBXFileReference; explicitFileType = wrapper.application; includeInIndex = 0; path = "Rapid Flight Status Check.app"; sourceTree = BUILT_PRODUCTS_DIR; };
		06C8A22729E5E6B4008170F2 /* AppDelegate.swift */ = {isa = PBXFileReference; lastKnownFileType = sourcecode.swift; path = AppDelegate.swift; sourceTree = "<group>"; };
		06C8A22929E5E6B4008170F2 /* SceneDelegate.swift */ = {isa = PBXFileReference; lastKnownFileType = sourcecode.swift; path = SceneDelegate.swift; sourceTree = "<group>"; };
		06C8A22B29E5E6B4008170F2 /* ViewController.swift */ = {isa = PBXFileReference; lastKnownFileType = sourcecode.swift; path = ViewController.swift; sourceTree = "<group>"; };
		06C8A22E29E5E6B4008170F2 /* Base */ = {isa = PBXFileReference; lastKnownFileType = file.storyboard; name = Base; path = Base.lproj/Main.storyboard; sourceTree = "<group>"; };
		06C8A23129E5E6B4008170F2 /* Rapid_Flight_Status_Check.xcdatamodel */ = {isa = PBXFileReference; lastKnownFileType = wrapper.xcdatamodel; path = Rapid_Flight_Status_Check.xcdatamodel; sourceTree = "<group>"; };
		06C8A23329E5E6C6008170F2 /* Assets.xcassets */ = {isa = PBXFileReference; lastKnownFileType = folder.assetcatalog; path = Assets.xcassets; sourceTree = "<group>"; };
		06C8A23629E5E6C6008170F2 /* Base */ = {isa = PBXFileReference; lastKnownFileType = file.storyboard; name = Base; path = Base.lproj/LaunchScreen.storyboard; sourceTree = "<group>"; };
		06C8A23829E5E6C7008170F2 /* Info.plist */ = {isa = PBXFileReference; lastKnownFileType = text.plist.xml; path = Info.plist; sourceTree = "<group>"; };
		06C8A23D29E5E6C7008170F2 /* Rapid Flight Status CheckTests.xctest */ = {isa = PBXFileReference; explicitFileType = wrapper.cfbundle; includeInIndex = 0; path = "Rapid Flight Status CheckTests.xctest"; sourceTree = BUILT_PRODUCTS_DIR; };
		06C8A24129E5E6C7008170F2 /* Rapid_Flight_Status_CheckTests.swift */ = {isa = PBXFileReference; lastKnownFileType = sourcecode.swift; path = Rapid_Flight_Status_CheckTests.swift; sourceTree = "<group>"; };
		06C8A24729E5E6C7008170F2 /* Rapid Flight Status CheckUITests.xctest */ = {isa = PBXFileReference; explicitFileType = wrapper.cfbundle; includeInIndex = 0; path = "Rapid Flight Status CheckUITests.xctest"; sourceTree = BUILT_PRODUCTS_DIR; };
		06C8A24B29E5E6C7008170F2 /* Rapid_Flight_Status_CheckUITests.swift */ = {isa = PBXFileReference; lastKnownFileType = sourcecode.swift; path = Rapid_Flight_Status_CheckUITests.swift; sourceTree = "<group>"; };
		06C8A24D29E5E6C7008170F2 /* Rapid_Flight_Status_CheckUITestsLaunchTests.swift */ = {isa = PBXFileReference; lastKnownFileType = sourcecode.swift; path = Rapid_Flight_Status_CheckUITestsLaunchTests.swift; sourceTree = "<group>"; };
/* End PBXFileReference section */

/* Begin PBXFrameworksBuildPhase section */
		06C8A22129E5E6B4008170F2 /* Frameworks */ = {
			isa = PBXFrameworksBuildPhase;
			buildActionMask = 2147483647;
			files = (
			);
			runOnlyForDeploymentPostprocessing = 0;
		};
		06C8A23A29E5E6C7008170F2 /* Frameworks */ = {
			isa = PBXFrameworksBuildPhase;
			buildActionMask = 2147483647;
			files = (
			);
			runOnlyForDeploymentPostprocessing = 0;
		};
		06C8A24429E5E6C7008170F2 /* Frameworks */ = {
			isa = PBXFrameworksBuildPhase;
			buildActionMask = 2147483647;
			files = (
			);
			runOnlyForDeploymentPostprocessing = 0;
		};
/* End PBXFrameworksBuildPhase section */

/* Begin PBXGroup section */
		06C8A21B29E5E6B4008170F2 = {
			isa = PBXGroup;
			children = (
				06C8A22629E5E6B4008170F2 /* Rapid Flight Status Check */,
				06C8A24029E5E6C7008170F2 /* Rapid Flight Status CheckTests */,
				06C8A24A29E5E6C7008170F2 /* Rapid Flight Status CheckUITests */,
				06C8A22529E5E6B4008170F2 /* Products */,
			);
			sourceTree = "<group>";
		};
		06C8A22529E5E6B4008170F2 /* Products */ = {
			isa = PBXGroup;
			children = (
				06C8A22429E5E6B4008170F2 /* Rapid Flight Status Check.app */,
				06C8A23D29E5E6C7008170F2 /* Rapid Flight Status CheckTests.xctest */,
				06C8A24729E5E6C7008170F2 /* Rapid Flight Status CheckUITests.xctest */,
			);
			name = Products;
			sourceTree = "<group>";
		};
		06C8A22629E5E6B4008170F2 /* Rapid Flight Status Check */ = {
			isa = PBXGroup;
			children = (
				06C8A22729E5E6B4008170F2 /* AppDelegate.swift */,
				06C8A22929E5E6B4008170F2 /* SceneDelegate.swift */,
				06C8A22B29E5E6B4008170F2 /* ViewController.swift */,
				0641CF8C29E618960030CAAC /* SearchStatusViewModel.swift */,
				0641CF9429E7022C0030CAAC /* FlightStatusesTableView.swift */,
				0641CF9829E7025D0030CAAC /* FlightStatusesTableViewModel.swift */,
				0641CF9629E702420030CAAC /* FlightStatusCell.swift */,
				0641CF9A29E702710030CAAC /* FlightStatusCellModel.swift */,
				0641CF9C29E84D720030CAAC /* LoadingStatusesCell.swift */,
				0641CFA229E88B600030CAAC /* ScheduledFlightsView.swift */,
				0641CFA629E88B980030CAAC /* ScheduledFlightsTableViewModel.swift */,
				0641CFA429E88B7F0030CAAC /* ScheduledFlightCell.swift */,
				0641CFA829E88BD40030CAAC /* ScheduledFlightCellModel.swift */,
				0641CF8E29E62E260030CAAC /* FlightStatusDataModel.swift */,
				0641CF9029E642EE0030CAAC /* APIManager.swift */,
				0641CF9229E644C00030CAAC /* Global.swift */,
				06C8A22D29E5E6B4008170F2 /* Main.storyboard */,
				06C8A23329E5E6C6008170F2 /* Assets.xcassets */,
				06C8A23529E5E6C6008170F2 /* LaunchScreen.storyboard */,
				06C8A23829E5E6C7008170F2 /* Info.plist */,
				06C8A23029E5E6B4008170F2 /* Rapid_Flight_Status_Check.xcdatamodeld */,
				0641CF9E29E882E20030CAAC /* ScheduledFlight+CoreDataClass.swift */,
				0641CF9F29E882E20030CAAC /* ScheduledFlight+CoreDataProperties.swift */,
			);
			path = "Rapid Flight Status Check";
			sourceTree = "<group>";
		};
		06C8A24029E5E6C7008170F2 /* Rapid Flight Status CheckTests */ = {
			isa = PBXGroup;
			children = (
				06C8A24129E5E6C7008170F2 /* Rapid_Flight_Status_CheckTests.swift */,
			);
			path = "Rapid Flight Status CheckTests";
			sourceTree = "<group>";
		};
		06C8A24A29E5E6C7008170F2 /* Rapid Flight Status CheckUITests */ = {
			isa = PBXGroup;
			children = (
				06C8A24B29E5E6C7008170F2 /* Rapid_Flight_Status_CheckUITests.swift */,
				06C8A24D29E5E6C7008170F2 /* Rapid_Flight_Status_CheckUITestsLaunchTests.swift */,
			);
			path = "Rapid Flight Status CheckUITests";
			sourceTree = "<group>";
		};
/* End PBXGroup section */

/* Begin PBXNativeTarget section */
		06C8A22329E5E6B4008170F2 /* Rapid Flight Status Check */ = {
			isa = PBXNativeTarget;
			buildConfigurationList = 06C8A25129E5E6C7008170F2 /* Build configuration list for PBXNativeTarget "Rapid Flight Status Check" */;
			buildPhases = (
				06C8A22029E5E6B4008170F2 /* Sources */,
				06C8A22129E5E6B4008170F2 /* Frameworks */,
				06C8A22229E5E6B4008170F2 /* Resources */,
			);
			buildRules = (
			);
			dependencies = (
			);
			name = "Rapid Flight Status Check";
			productName = "Rapid Flight Status Check";
			productReference = 06C8A22429E5E6B4008170F2 /* Rapid Flight Status Check.app */;
			productType = "com.apple.product-type.application";
		};
		06C8A23C29E5E6C7008170F2 /* Rapid Flight Status CheckTests */ = {
			isa = PBXNativeTarget;
			buildConfigurationList = 06C8A25429E5E6C7008170F2 /* Build configuration list for PBXNativeTarget "Rapid Flight Status CheckTests" */;
			buildPhases = (
				06C8A23929E5E6C7008170F2 /* Sources */,
				06C8A23A29E5E6C7008170F2 /* Frameworks */,
				06C8A23B29E5E6C7008170F2 /* Resources */,
			);
			buildRules = (
			);
			dependencies = (
				06C8A23F29E5E6C7008170F2 /* PBXTargetDependency */,
			);
			name = "Rapid Flight Status CheckTests";
			productName = "Rapid Flight Status CheckTests";
			productReference = 06C8A23D29E5E6C7008170F2 /* Rapid Flight Status CheckTests.xctest */;
			productType = "com.apple.product-type.bundle.unit-test";
		};
		06C8A24629E5E6C7008170F2 /* Rapid Flight Status CheckUITests */ = {
			isa = PBXNativeTarget;
			buildConfigurationList = 06C8A25729E5E6C7008170F2 /* Build configuration list for PBXNativeTarget "Rapid Flight Status CheckUITests" */;
			buildPhases = (
				06C8A24329E5E6C7008170F2 /* Sources */,
				06C8A24429E5E6C7008170F2 /* Frameworks */,
				06C8A24529E5E6C7008170F2 /* Resources */,
			);
			buildRules = (
			);
			dependencies = (
				06C8A24929E5E6C7008170F2 /* PBXTargetDependency */,
			);
			name = "Rapid Flight Status CheckUITests";
			productName = "Rapid Flight Status CheckUITests";
			productReference = 06C8A24729E5E6C7008170F2 /* Rapid Flight Status CheckUITests.xctest */;
			productType = "com.apple.product-type.bundle.ui-testing";
		};
/* End PBXNativeTarget section */

/* Begin PBXProject section */
		06C8A21C29E5E6B4008170F2 /* Project object */ = {
			isa = PBXProject;
			attributes = {
				BuildIndependentTargetsInParallel = 1;
				LastSwiftUpdateCheck = 1320;
				LastUpgradeCheck = 1320;
				TargetAttributes = {
					06C8A22329E5E6B4008170F2 = {
						CreatedOnToolsVersion = 13.2.1;
					};
					06C8A23C29E5E6C7008170F2 = {
						CreatedOnToolsVersion = 13.2.1;
						TestTargetID = 06C8A22329E5E6B4008170F2;
					};
					06C8A24629E5E6C7008170F2 = {
						CreatedOnToolsVersion = 13.2.1;
						TestTargetID = 06C8A22329E5E6B4008170F2;
					};
				};
			};
			buildConfigurationList = 06C8A21F29E5E6B4008170F2 /* Build configuration list for PBXProject "Rapid Flight Status Check" */;
			compatibilityVersion = "Xcode 13.0";
			developmentRegion = en;
			hasScannedForEncodings = 0;
			knownRegions = (
				en,
				Base,
			);
			mainGroup = 06C8A21B29E5E6B4008170F2;
			productRefGroup = 06C8A22529E5E6B4008170F2 /* Products */;
			projectDirPath = "";
			projectRoot = "";
			targets = (
				06C8A22329E5E6B4008170F2 /* Rapid Flight Status Check */,
				06C8A23C29E5E6C7008170F2 /* Rapid Flight Status CheckTests */,
				06C8A24629E5E6C7008170F2 /* Rapid Flight Status CheckUITests */,
			);
		};
/* End PBXProject section */

/* Begin PBXResourcesBuildPhase section */
		06C8A22229E5E6B4008170F2 /* Resources */ = {
			isa = PBXResourcesBuildPhase;
			buildActionMask = 2147483647;
			files = (
				06C8A23729E5E6C6008170F2 /* LaunchScreen.storyboard in Resources */,
				06C8A23429E5E6C6008170F2 /* Assets.xcassets in Resources */,
				06C8A22F29E5E6B4008170F2 /* Main.storyboard in Resources */,
			);
			runOnlyForDeploymentPostprocessing = 0;
		};
		06C8A23B29E5E6C7008170F2 /* Resources */ = {
			isa = PBXResourcesBuildPhase;
			buildActionMask = 2147483647;
			files = (
			);
			runOnlyForDeploymentPostprocessing = 0;
		};
		06C8A24529E5E6C7008170F2 /* Resources */ = {
			isa = PBXResourcesBuildPhase;
			buildActionMask = 2147483647;
			files = (
			);
			runOnlyForDeploymentPostprocessing = 0;
		};
/* End PBXResourcesBuildPhase section */

/* Begin PBXSourcesBuildPhase section */
		06C8A22029E5E6B4008170F2 /* Sources */ = {
			isa = PBXSourcesBuildPhase;
			buildActionMask = 2147483647;
			files = (
				0641CFA929E88BD40030CAAC /* ScheduledFlightCellModel.swift in Sources */,
				0641CF9929E7025D0030CAAC /* FlightStatusesTableViewModel.swift in Sources */,
				0641CF9B29E702710030CAAC /* FlightStatusCellModel.swift in Sources */,
				0641CFA329E88B600030CAAC /* ScheduledFlightsView.swift in Sources */,
				0641CF9329E644C00030CAAC /* Global.swift in Sources */,
				0641CF9729E702420030CAAC /* FlightStatusCell.swift in Sources */,
				06C8A22C29E5E6B4008170F2 /* ViewController.swift in Sources */,
				06C8A22829E5E6B4008170F2 /* AppDelegate.swift in Sources */,
				0641CFA129E882E20030CAAC /* ScheduledFlight+CoreDataProperties.swift in Sources */,
				0641CF9529E7022C0030CAAC /* FlightStatusesTableView.swift in Sources */,
				06C8A22A29E5E6B4008170F2 /* SceneDelegate.swift in Sources */,
				0641CF8F29E62E260030CAAC /* FlightStatusDataModel.swift in Sources */,
				0641CFA529E88B7F0030CAAC /* ScheduledFlightCell.swift in Sources */,
				0641CFA029E882E20030CAAC /* ScheduledFlight+CoreDataClass.swift in Sources */,
				0641CF8D29E618960030CAAC /* SearchStatusViewModel.swift in Sources */,
				06C8A23229E5E6B4008170F2 /* Rapid_Flight_Status_Check.xcdatamodeld in Sources */,
				0641CF9D29E84D720030CAAC /* LoadingStatusesCell.swift in Sources */,
				0641CF9129E642EE0030CAAC /* APIManager.swift in Sources */,
				0641CFA729E88B980030CAAC /* ScheduledFlightsTableViewModel.swift in Sources */,
			);
			runOnlyForDeploymentPostprocessing = 0;
		};
		06C8A23929E5E6C7008170F2 /* Sources */ = {
			isa = PBXSourcesBuildPhase;
			buildActionMask = 2147483647;
			files = (
				06C8A24229E5E6C7008170F2 /* Rapid_Flight_Status_CheckTests.swift in Sources */,
			);
			runOnlyForDeploymentPostprocessing = 0;
		};
		06C8A24329E5E6C7008170F2 /* Sources */ = {
			isa = PBXSourcesBuildPhase;
			buildActionMask = 2147483647;
			files = (
				06C8A24E29E5E6C7008170F2 /* Rapid_Flight_Status_CheckUITestsLaunchTests.swift in Sources */,
				06C8A24C29E5E6C7008170F2 /* Rapid_Flight_Status_CheckUITests.swift in Sources */,
			);
			runOnlyForDeploymentPostprocessing = 0;
		};
/* End PBXSourcesBuildPhase section */

/* Begin PBXTargetDependency section */
		06C8A23F29E5E6C7008170F2 /* PBXTargetDependency */ = {
			isa = PBXTargetDependency;
			target = 06C8A22329E5E6B4008170F2 /* Rapid Flight Status Check */;
			targetProxy = 06C8A23E29E5E6C7008170F2 /* PBXContainerItemProxy */;
		};
		06C8A24929E5E6C7008170F2 /* PBXTargetDependency */ = {
			isa = PBXTargetDependency;
			target = 06C8A22329E5E6B4008170F2 /* Rapid Flight Status Check */;
			targetProxy = 06C8A24829E5E6C7008170F2 /* PBXContainerItemProxy */;
		};
/* End PBXTargetDependency section */

/* Begin PBXVariantGroup section */
		06C8A22D29E5E6B4008170F2 /* Main.storyboard */ = {
			isa = PBXVariantGroup;
			children = (
				06C8A22E29E5E6B4008170F2 /* Base */,
			);
			name = Main.storyboard;
			sourceTree = "<group>";
		};
		06C8A23529E5E6C6008170F2 /* LaunchScreen.storyboard */ = {
			isa = PBXVariantGroup;
			children = (
				06C8A23629E5E6C6008170F2 /* Base */,
			);
			name = LaunchScreen.storyboard;
			sourceTree = "<group>";
		};
/* End PBXVariantGroup section */

/* Begin XCBuildConfiguration section */
		06C8A24F29E5E6C7008170F2 /* Debug */ = {
			isa = XCBuildConfiguration;
			buildSettings = {
				ALWAYS_SEARCH_USER_PATHS = NO;
				CLANG_ANALYZER_NONNULL = YES;
				CLANG_ANALYZER_NUMBER_OBJECT_CONVERSION = YES_AGGRESSIVE;
				CLANG_CXX_LANGUAGE_STANDARD = "gnu++17";
				CLANG_CXX_LIBRARY = "libc++";
				CLANG_ENABLE_MODULES = YES;
				CLANG_ENABLE_OBJC_ARC = YES;
				CLANG_ENABLE_OBJC_WEAK = YES;
				CLANG_WARN_BLOCK_CAPTURE_AUTORELEASING = YES;
				CLANG_WARN_BOOL_CONVERSION = YES;
				CLANG_WARN_COMMA = YES;
				CLANG_WARN_CONSTANT_CONVERSION = YES;
				CLANG_WARN_DEPRECATED_OBJC_IMPLEMENTATIONS = YES;
				CLANG_WARN_DIRECT_OBJC_ISA_USAGE = YES_ERROR;
				CLANG_WARN_DOCUMENTATION_COMMENTS = YES;
				CLANG_WARN_EMPTY_BODY = YES;
				CLANG_WARN_ENUM_CONVERSION = YES;
				CLANG_WARN_INFINITE_RECURSION = YES;
				CLANG_WARN_INT_CONVERSION = YES;
				CLANG_WARN_NON_LITERAL_NULL_CONVERSION = YES;
				CLANG_WARN_OBJC_IMPLICIT_RETAIN_SELF = YES;
				CLANG_WARN_OBJC_LITERAL_CONVERSION = YES;
				CLANG_WARN_OBJC_ROOT_CLASS = YES_ERROR;
				CLANG_WARN_QUOTED_INCLUDE_IN_FRAMEWORK_HEADER = YES;
				CLANG_WARN_RANGE_LOOP_ANALYSIS = YES;
				CLANG_WARN_STRICT_PROTOTYPES = YES;
				CLANG_WARN_SUSPICIOUS_MOVE = YES;
				CLANG_WARN_UNGUARDED_AVAILABILITY = YES_AGGRESSIVE;
				CLANG_WARN_UNREACHABLE_CODE = YES;
				CLANG_WARN__DUPLICATE_METHOD_MATCH = YES;
				COPY_PHASE_STRIP = NO;
				DEBUG_INFORMATION_FORMAT = dwarf;
				ENABLE_STRICT_OBJC_MSGSEND = YES;
				ENABLE_TESTABILITY = YES;
				GCC_C_LANGUAGE_STANDARD = gnu11;
				GCC_DYNAMIC_NO_PIC = NO;
				GCC_NO_COMMON_BLOCKS = YES;
				GCC_OPTIMIZATION_LEVEL = 0;
				GCC_PREPROCESSOR_DEFINITIONS = (
					"DEBUG=1",
					"$(inherited)",
				);
				GCC_WARN_64_TO_32_BIT_CONVERSION = YES;
				GCC_WARN_ABOUT_RETURN_TYPE = YES_ERROR;
				GCC_WARN_UNDECLARED_SELECTOR = YES;
				GCC_WARN_UNINITIALIZED_AUTOS = YES_AGGRESSIVE;
				GCC_WARN_UNUSED_FUNCTION = YES;
				GCC_WARN_UNUSED_VARIABLE = YES;
				IPHONEOS_DEPLOYMENT_TARGET = 15.2;
				MTL_ENABLE_DEBUG_INFO = INCLUDE_SOURCE;
				MTL_FAST_MATH = YES;
				ONLY_ACTIVE_ARCH = YES;
				SDKROOT = iphoneos;
				SWIFT_ACTIVE_COMPILATION_CONDITIONS = DEBUG;
				SWIFT_OPTIMIZATION_LEVEL = "-Onone";
			};
			name = Debug;
		};
		06C8A25029E5E6C7008170F2 /* Release */ = {
			isa = XCBuildConfiguration;
			buildSettings = {
				ALWAYS_SEARCH_USER_PATHS = NO;
				CLANG_ANALYZER_NONNULL = YES;
				CLANG_ANALYZER_NUMBER_OBJECT_CONVERSION = YES_AGGRESSIVE;
				CLANG_CXX_LANGUAGE_STANDARD = "gnu++17";
				CLANG_CXX_LIBRARY = "libc++";
				CLANG_ENABLE_MODULES = YES;
				CLANG_ENABLE_OBJC_ARC = YES;
				CLANG_ENABLE_OBJC_WEAK = YES;
				CLANG_WARN_BLOCK_CAPTURE_AUTORELEASING = YES;
				CLANG_WARN_BOOL_CONVERSION = YES;
				CLANG_WARN_COMMA = YES;
				CLANG_WARN_CONSTANT_CONVERSION = YES;
				CLANG_WARN_DEPRECATED_OBJC_IMPLEMENTATIONS = YES;
				CLANG_WARN_DIRECT_OBJC_ISA_USAGE = YES_ERROR;
				CLANG_WARN_DOCUMENTATION_COMMENTS = YES;
				CLANG_WARN_EMPTY_BODY = YES;
				CLANG_WARN_ENUM_CONVERSION = YES;
				CLANG_WARN_INFINITE_RECURSION = YES;
				CLANG_WARN_INT_CONVERSION = YES;
				CLANG_WARN_NON_LITERAL_NULL_CONVERSION = YES;
				CLANG_WARN_OBJC_IMPLICIT_RETAIN_SELF = YES;
				CLANG_WARN_OBJC_LITERAL_CONVERSION = YES;
				CLANG_WARN_OBJC_ROOT_CLASS = YES_ERROR;
				CLANG_WARN_QUOTED_INCLUDE_IN_FRAMEWORK_HEADER = YES;
				CLANG_WARN_RANGE_LOOP_ANALYSIS = YES;
				CLANG_WARN_STRICT_PROTOTYPES = YES;
				CLANG_WARN_SUSPICIOUS_MOVE = YES;
				CLANG_WARN_UNGUARDED_AVAILABILITY = YES_AGGRESSIVE;
				CLANG_WARN_UNREACHABLE_CODE = YES;
				CLANG_WARN__DUPLICATE_METHOD_MATCH = YES;
				COPY_PHASE_STRIP = NO;
				DEBUG_INFORMATION_FORMAT = "dwarf-with-dsym";
				ENABLE_NS_ASSERTIONS = NO;
				ENABLE_STRICT_OBJC_MSGSEND = YES;
				GCC_C_LANGUAGE_STANDARD = gnu11;
				GCC_NO_COMMON_BLOCKS = YES;
				GCC_WARN_64_TO_32_BIT_CONVERSION = YES;
				GCC_WARN_ABOUT_RETURN_TYPE = YES_ERROR;
				GCC_WARN_UNDECLARED_SELECTOR = YES;
				GCC_WARN_UNINITIALIZED_AUTOS = YES_AGGRESSIVE;
				GCC_WARN_UNUSED_FUNCTION = YES;
				GCC_WARN_UNUSED_VARIABLE = YES;
				IPHONEOS_DEPLOYMENT_TARGET = 15.2;
				MTL_ENABLE_DEBUG_INFO = NO;
				MTL_FAST_MATH = YES;
				SDKROOT = iphoneos;
				SWIFT_COMPILATION_MODE = wholemodule;
				SWIFT_OPTIMIZATION_LEVEL = "-O";
				VALIDATE_PRODUCT = YES;
			};
			name = Release;
		};
		06C8A25229E5E6C7008170F2 /* Debug */ = {
			isa = XCBuildConfiguration;
			buildSettings = {
				ASSETCATALOG_COMPILER_APPICON_NAME = AppIcon;
				ASSETCATALOG_COMPILER_GLOBAL_ACCENT_COLOR_NAME = AccentColor;
				CODE_SIGN_STYLE = Automatic;
				CURRENT_PROJECT_VERSION = 1;
				DEVELOPMENT_TEAM = 9FGVTTM39Q;
				GENERATE_INFOPLIST_FILE = YES;
				INFOPLIST_FILE = "Rapid Flight Status Check/Info.plist";
				INFOPLIST_KEY_UIApplicationSupportsIndirectInputEvents = YES;
				INFOPLIST_KEY_UILaunchStoryboardName = LaunchScreen;
				INFOPLIST_KEY_UIMainStoryboardFile = Main;
				INFOPLIST_KEY_UISupportedInterfaceOrientations_iPad = "UIInterfaceOrientationPortrait UIInterfaceOrientationPortraitUpsideDown UIInterfaceOrientationLandscapeLeft UIInterfaceOrientationLandscapeRight";
				INFOPLIST_KEY_UISupportedInterfaceOrientations_iPhone = "UIInterfaceOrientationPortrait UIInterfaceOrientationLandscapeLeft UIInterfaceOrientationLandscapeRight";
				LD_RUNPATH_SEARCH_PATHS = (
					"$(inherited)",
					"@executable_path/Frameworks",
				);
				MARKETING_VERSION = 1.0;
				PRODUCT_BUNDLE_IDENTIFIER = "-234.Rapid-Flight-Status-Check";
				PRODUCT_NAME = "$(TARGET_NAME)";
				SWIFT_EMIT_LOC_STRINGS = YES;
				SWIFT_VERSION = 5.0;
				TARGETED_DEVICE_FAMILY = "1,2";
			};
			name = Debug;
		};
		06C8A25329E5E6C7008170F2 /* Release */ = {
			isa = XCBuildConfiguration;
			buildSettings = {
				ASSETCATALOG_COMPILER_APPICON_NAME = AppIcon;
				ASSETCATALOG_COMPILER_GLOBAL_ACCENT_COLOR_NAME = AccentColor;
				CODE_SIGN_STYLE = Automatic;
				CURRENT_PROJECT_VERSION = 1;
				DEVELOPMENT_TEAM = 9FGVTTM39Q;
				GENERATE_INFOPLIST_FILE = YES;
				INFOPLIST_FILE = "Rapid Flight Status Check/Info.plist";
				INFOPLIST_KEY_UIApplicationSupportsIndirectInputEvents = YES;
				INFOPLIST_KEY_UILaunchStoryboardName = LaunchScreen;
				INFOPLIST_KEY_UIMainStoryboardFile = Main;
				INFOPLIST_KEY_UISupportedInterfaceOrientations_iPad = "UIInterfaceOrientationPortrait UIInterfaceOrientationPortraitUpsideDown UIInterfaceOrientationLandscapeLeft UIInterfaceOrientationLandscapeRight";
				INFOPLIST_KEY_UISupportedInterfaceOrientations_iPhone = "UIInterfaceOrientationPortrait UIInterfaceOrientationLandscapeLeft UIInterfaceOrientationLandscapeRight";
				LD_RUNPATH_SEARCH_PATHS = (
					"$(inherited)",
					"@executable_path/Frameworks",
				);
				MARKETING_VERSION = 1.0;
				PRODUCT_BUNDLE_IDENTIFIER = "-234.Rapid-Flight-Status-Check";
				PRODUCT_NAME = "$(TARGET_NAME)";
				SWIFT_EMIT_LOC_STRINGS = YES;
				SWIFT_VERSION = 5.0;
				TARGETED_DEVICE_FAMILY = "1,2";
			};
			name = Release;
		};
		06C8A25529E5E6C7008170F2 /* Debug */ = {
			isa = XCBuildConfiguration;
			buildSettings = {
				ALWAYS_EMBED_SWIFT_STANDARD_LIBRARIES = YES;
				BUNDLE_LOADER = "$(TEST_HOST)";
				CODE_SIGN_STYLE = Automatic;
				CURRENT_PROJECT_VERSION = 1;
				DEVELOPMENT_TEAM = 9FGVTTM39Q;
				GENERATE_INFOPLIST_FILE = YES;
				IPHONEOS_DEPLOYMENT_TARGET = 15.2;
				MARKETING_VERSION = 1.0;
				PRODUCT_BUNDLE_IDENTIFIER = "-234.Rapid-Flight-Status-CheckTests";
				PRODUCT_NAME = "$(TARGET_NAME)";
				SWIFT_EMIT_LOC_STRINGS = NO;
				SWIFT_VERSION = 5.0;
				TARGETED_DEVICE_FAMILY = "1,2";
				TEST_HOST = "$(BUILT_PRODUCTS_DIR)/Rapid Flight Status Check.app/Rapid Flight Status Check";
			};
			name = Debug;
		};
		06C8A25629E5E6C7008170F2 /* Release */ = {
			isa = XCBuildConfiguration;
			buildSettings = {
				ALWAYS_EMBED_SWIFT_STANDARD_LIBRARIES = YES;
				BUNDLE_LOADER = "$(TEST_HOST)";
				CODE_SIGN_STYLE = Automatic;
				CURRENT_PROJECT_VERSION = 1;
				DEVELOPMENT_TEAM = 9FGVTTM39Q;
				GENERATE_INFOPLIST_FILE = YES;
				IPHONEOS_DEPLOYMENT_TARGET = 15.2;
				MARKETING_VERSION = 1.0;
				PRODUCT_BUNDLE_IDENTIFIER = "-234.Rapid-Flight-Status-CheckTests";
				PRODUCT_NAME = "$(TARGET_NAME)";
				SWIFT_EMIT_LOC_STRINGS = NO;
				SWIFT_VERSION = 5.0;
				TARGETED_DEVICE_FAMILY = "1,2";
				TEST_HOST = "$(BUILT_PRODUCTS_DIR)/Rapid Flight Status Check.app/Rapid Flight Status Check";
			};
			name = Release;
		};
		06C8A25829E5E6C7008170F2 /* Debug */ = {
			isa = XCBuildConfiguration;
			buildSettings = {
				ALWAYS_EMBED_SWIFT_STANDARD_LIBRARIES = YES;
				CODE_SIGN_STYLE = Automatic;
				CURRENT_PROJECT_VERSION = 1;
				DEVELOPMENT_TEAM = 9FGVTTM39Q;
				GENERATE_INFOPLIST_FILE = YES;
				MARKETING_VERSION = 1.0;
				PRODUCT_BUNDLE_IDENTIFIER = "-234.Rapid-Flight-Status-CheckUITests";
				PRODUCT_NAME = "$(TARGET_NAME)";
				SWIFT_EMIT_LOC_STRINGS = NO;
				SWIFT_VERSION = 5.0;
				TARGETED_DEVICE_FAMILY = "1,2";
				TEST_TARGET_NAME = "Rapid Flight Status Check";
			};
			name = Debug;
		};
		06C8A25929E5E6C7008170F2 /* Release */ = {
			isa = XCBuildConfiguration;
			buildSettings = {
				ALWAYS_EMBED_SWIFT_STANDARD_LIBRARIES = YES;
				CODE_SIGN_STYLE = Automatic;
				CURRENT_PROJECT_VERSION = 1;
				DEVELOPMENT_TEAM = 9FGVTTM39Q;
				GENERATE_INFOPLIST_FILE = YES;
				MARKETING_VERSION = 1.0;
				PRODUCT_BUNDLE_IDENTIFIER = "-234.Rapid-Flight-Status-CheckUITests";
				PRODUCT_NAME = "$(TARGET_NAME)";
				SWIFT_EMIT_LOC_STRINGS = NO;
				SWIFT_VERSION = 5.0;
				TARGETED_DEVICE_FAMILY = "1,2";
				TEST_TARGET_NAME = "Rapid Flight Status Check";
			};
			name = Release;
		};
/* End XCBuildConfiguration section */

/* Begin XCConfigurationList section */
		06C8A21F29E5E6B4008170F2 /* Build configuration list for PBXProject "Rapid Flight Status Check" */ = {
			isa = XCConfigurationList;
			buildConfigurations = (
				06C8A24F29E5E6C7008170F2 /* Debug */,
				06C8A25029E5E6C7008170F2 /* Release */,
			);
			defaultConfigurationIsVisible = 0;
			defaultConfigurationName = Release;
		};
		06C8A25129E5E6C7008170F2 /* Build configuration list for PBXNativeTarget "Rapid Flight Status Check" */ = {
			isa = XCConfigurationList;
			buildConfigurations = (
				06C8A25229E5E6C7008170F2 /* Debug */,
				06C8A25329E5E6C7008170F2 /* Release */,
			);
			defaultConfigurationIsVisible = 0;
			defaultConfigurationName = Release;
		};
		06C8A25429E5E6C7008170F2 /* Build configuration list for PBXNativeTarget "Rapid Flight Status CheckTests" */ = {
			isa = XCConfigurationList;
			buildConfigurations = (
				06C8A25529E5E6C7008170F2 /* Debug */,
				06C8A25629E5E6C7008170F2 /* Release */,
			);
			defaultConfigurationIsVisible = 0;
			defaultConfigurationName = Release;
		};
		06C8A25729E5E6C7008170F2 /* Build configuration list for PBXNativeTarget "Rapid Flight Status CheckUITests" */ = {
			isa = XCConfigurationList;
			buildConfigurations = (
				06C8A25829E5E6C7008170F2 /* Debug */,
				06C8A25929E5E6C7008170F2 /* Release */,
			);
			defaultConfigurationIsVisible = 0;
			defaultConfigurationName = Release;
		};
/* End XCConfigurationList section */

/* Begin XCVersionGroup section */
		06C8A23029E5E6B4008170F2 /* Rapid_Flight_Status_Check.xcdatamodeld */ = {
			isa = XCVersionGroup;
			children = (
				06C8A23129E5E6B4008170F2 /* Rapid_Flight_Status_Check.xcdatamodel */,
			);
			currentVersion = 06C8A23129E5E6B4008170F2 /* Rapid_Flight_Status_Check.xcdatamodel */;
			path = Rapid_Flight_Status_Check.xcdatamodeld;
			sourceTree = "<group>";
			versionGroupType = wrapper.xcdatamodel;
		};
/* End XCVersionGroup section */
	};
	rootObject = 06C8A21C29E5E6B4008170F2 /* Project object */;
}
